
Microsoft Visual Studio Solution File, Format Version 12.00
# Visual Studio Version 16
VisualStudioVersion = 16.0.31727.386
MinimumVisualStudioVersion = 10.0.40219.1
Project("{FAE04EC0-301F-11D3-BF4B-00C04F79EFBC}") = "AuthTest", "AuthTest\AuthTest.csproj", "{C8F8FA62-AEC0-46D9-B025-32B67A19C080}"
EndProject
Global
	GlobalSection(SolutionConfigurationPlatforms) = preSolution
		Debug|Any CPU = Debug|Any CPU
		Release|Any CPU = Release|Any CPU
	EndGlobalSection
	GlobalSection(ProjectConfigurationPlatforms) = postSolution
		{C8F8FA62-AEC0-46D9-B025-32B67A19C080}.Debug|Any CPU.ActiveCfg = Debug|Any CPU
		{C8F8FA62-AEC0-46D9-B025-32B67A19C080}.Debug|Any CPU.Build.0 = Debug|Any CPU
		{C8F8FA62-AEC0-46D9-B025-32B67A19C080}.Release|Any CPU.ActiveCfg = Release|Any CPU
		{C8F8FA62-AEC0-46D9-B025-32B67A19C080}.Release|Any CPU.Build.0 = Release|Any CPU
	EndGlobalSection
	GlobalSection(SolutionProperties) = preSolution
		HideSolutionNode = FALSE
	EndGlobalSection
	GlobalSection(ExtensibilityGlobals) = postSolution
		SolutionGuid = {B7AC18AD-F6F1-4194-8C7C-77FC8E22A95F}
	EndGlobalSection
EndGlobal
